<?xml version="1.0" encoding="utf-8"?>
<Project ToolsVersion="4.0" xmlns="http://schemas.microsoft.com/developer/msbuild/2003">
  <ItemGroup>
    <ClCompile Include="entry_point.c" />
    <ClCompile Include="Base_Entry.c" />
    <ClCompile Include="Base_Window.c">
      <Filter>Render and window</Filter>
    </ClCompile>
    <ClCompile Include="Base_Sound.c">
      <Filter>Sound</Filter>
    </ClCompile>
    <ClCompile Include="Base_Thread.c" />
    <ClCompile Include="Base_D3D11.c">
      <Filter>Render and window</Filter>
    </ClCompile>
    <ClCompile Include="Base_System.c" />
    <ClCompile Include="Base_Camera.c">
      <Filter>Render and window</Filter>
    </ClCompile>
    <ClCompile Include="SoundWorker.c">
      <Filter>Sound\process</Filter>
    </ClCompile>
  </ItemGroup>
  <ItemGroup>
    <ClInclude Include="Base.h" />
    <ClInclude Include="Base_Render.h">
      <Filter>Render and window\headers</Filter>
    </ClInclude>
    <ClInclude Include="Base_Window.h">
      <Filter>Render and window\headers</Filter>
    </ClInclude>
    <ClInclude Include="Base_Sound.h">
      <Filter>Sound</Filter>
    </ClInclude>
    <ClInclude Include="Base_Thread.h" />
    <ClInclude Include="Base_Camera.h">
      <Filter>Render and window</Filter>
    </ClInclude>
  </ItemGroup>
  <ItemGroup>
    <Filter Include="Render and window">
      <UniqueIdentifier>{d56bc483-fc07-4651-a3bb-23f08c6f3c48}</UniqueIdentifier>
    </Filter>
    <Filter Include="Render and window\headers">
      <UniqueIdentifier>{2a3bd46c-4749-42f3-824c-ecbae5854307}</UniqueIdentifier>
    </Filter>
    <Filter Include="Sound">
      <UniqueIdentifier>{98deccbb-011c-469c-a479-59a857aa1943}</UniqueIdentifier>
    </Filter>
    <Filter Include="Sound\process">
      <UniqueIdentifier>{3dee7561-ac75-41f1-8c5f-7ff0be10fc31}</UniqueIdentifier>
    </Filter>
  </ItemGroup>
</Project>