<?xml version="1.0" encoding="utf-8"?>
<Project ToolsVersion="4.0" xmlns="http://schemas.microsoft.com/developer/msbuild/2003">
  <ItemGroup>
    <ClCompile Include="Base_Camera.c">
      <Filter>Render and window</Filter>
    </ClCompile>
    <ClCompile Include="Base_Entry.cpp" />
    <ClCompile Include="Base_System.cpp" />
    <ClCompile Include="Base_Thread.cpp" />
    <ClCompile Include="entry_point.cpp" />
    <ClCompile Include="Base_D3D11.cpp">
      <Filter>Render and window</Filter>
    </ClCompile>
    <ClCompile Include="ADSR_Synthesizer.cpp">
      <Filter>Sound\Synth\ADSR</Filter>
    </ClCompile>
    <ClCompile Include="SoundWorker.cpp">
      <Filter>Sound\Mixer\Sound worker</Filter>
    </ClCompile>
    <ClCompile Include="Reverb.cpp">
      <Filter>Sound\Synth\Effects</Filter>
    </ClCompile>
    <ClCompile Include="LPFilter.cpp">
      <Filter>Sound\Synth\Effects</Filter>
    </ClCompile>
    <ClCompile Include="Base_Window.cpp">
      <Filter>Render and window</Filter>
    </ClCompile>
    <ClCompile Include="FadeOut.cpp">
      <Filter>Sound\Synth\Effects</Filter>
    </ClCompile>
    <ClCompile Include="ADSREnvelope.cpp">
      <Filter>Sound\Synth\ADSR</Filter>
    </ClCompile>
    <ClCompile Include="NoteManager.cpp">
      <Filter>Sound\Synth\Note manager</Filter>
    </ClCompile>
    <ClCompile Include="DemoMixer.cpp">
      <Filter>Sound\Mixer</Filter>
    </ClCompile>
    <ClCompile Include="Base_Sound.cpp">
      <Filter>Sound</Filter>
    </ClCompile>
    <ClCompile Include="KickGenerator.cpp">
      <Filter>Sound\Synth\Kick</Filter>
    </ClCompile>
    <ClCompile Include="SoftClipper.cpp">
      <Filter>Sound\Synth\Effects</Filter>
    </ClCompile>
  </ItemGroup>
  <ItemGroup>
    <ClInclude Include="Base.h" />
    <ClInclude Include="Base_Render.h">
      <Filter>Render and window\headers</Filter>
    </ClInclude>
    <ClInclude Include="Base_Window.h">
      <Filter>Render and window\headers</Filter>
    </ClInclude>
    <ClInclude Include="Base_Thread.h" />
    <ClInclude Include="Base_Camera.h">
      <Filter>Render and window</Filter>
    </ClInclude>
    <ClInclude Include="ADSR_Synthesizer.h">
      <Filter>Sound\Synth\ADSR</Filter>
    </ClInclude>
    <ClInclude Include="Base_Synth.h">
      <Filter>Sound\Synth\ADSR</Filter>
    </ClInclude>
    <ClInclude Include="NoteManager.h">
      <Filter>Sound\Synth\Note manager</Filter>
    </ClInclude>
    <ClInclude Include="DemoMixer.h">
      <Filter>Sound\Mixer</Filter>
    </ClInclude>
    <ClInclude Include="Base_Sound.h">
      <Filter>Sound</Filter>
    </ClInclude>
    <ClInclude Include="KickGenerator.h">
      <Filter>Sound\Synth\Kick</Filter>
    </ClInclude>
    <ClInclude Include="SoftClipper.h">
      <Filter>Sound\Synth\Effects</Filter>
    </ClInclude>
  </ItemGroup>
  <ItemGroup>
    <Filter Include="Render and window">
      <UniqueIdentifier>{d56bc483-fc07-4651-a3bb-23f08c6f3c48}</UniqueIdentifier>
    </Filter>
    <Filter Include="Render and window\headers">
      <UniqueIdentifier>{2a3bd46c-4749-42f3-824c-ecbae5854307}</UniqueIdentifier>
    </Filter>
    <Filter Include="Sound">
      <UniqueIdentifier>{98deccbb-011c-469c-a479-59a857aa1943}</UniqueIdentifier>
    </Filter>
    <Filter Include="Sound\Synth">
      <UniqueIdentifier>{2bf28a5f-a101-4a1b-a482-2aecbd930a83}</UniqueIdentifier>
    </Filter>
    <Filter Include="Sound\Synth\Effects">
      <UniqueIdentifier>{f12a8aae-61c4-45bd-a568-681f431c72a1}</UniqueIdentifier>
    </Filter>
    <Filter Include="Sound\Synth\ADSR">
      <UniqueIdentifier>{e9c4223a-d57a-44eb-8992-18b2aa031d05}</UniqueIdentifier>
    </Filter>
    <Filter Include="Math">
      <UniqueIdentifier>{9856fd82-c5d1-42b9-98dc-693e687e9395}</UniqueIdentifier>
    </Filter>
    <Filter Include="Sound\Synth\Note manager">
      <UniqueIdentifier>{a03695bb-15cb-47ce-bf4c-47a26a26df7b}</UniqueIdentifier>
    </Filter>
    <Filter Include="Sound\Mixer">
      <UniqueIdentifier>{900d5868-c6df-4c4c-9769-6465b297b77c}</UniqueIdentifier>
    </Filter>
    <Filter Include="Sound\Mixer\Sound worker">
      <UniqueIdentifier>{e98792b9-4544-4c67-87f1-6a4c8bf68efa}</UniqueIdentifier>
    </Filter>
    <Filter Include="Sound\Synth\Kick">
      <UniqueIdentifier>{2aa67be8-cde6-4532-b772-ac0a39f8a335}</UniqueIdentifier>
    </Filter>
  </ItemGroup>
  <ItemGroup>
    <None Include="VoiceClass.cpp">
      <Filter>Sound\Synth\ADSR</Filter>
    </None>
  </ItemGroup>
</Project>